// !$*UTF8*$!
{
	archiveVersion = 1;
	classes = {
	};
	objectVersion = 56;
	objects = {

/* Begin PBXBuildFile section */
		9960B6F42C470B6500B6F547 /* TallyCounterSwiftUIApp.swift in Sources */ = {isa = PBXBuildFile; fileRef = 9960B6F32C470B6500B6F547 /* TallyCounterSwiftUIApp.swift */; };
		9960B6F62C470B6500B6F547 /* ContentView.swift in Sources */ = {isa = PBXBuildFile; fileRef = 9960B6F52C470B6500B6F547 /* ContentView.swift */; };
		9960B6F82C470B6600B6F547 /* Assets.xcassets in Resources */ = {isa = PBXBuildFile; fileRef = 9960B6F72C470B6600B6F547 /* Assets.xcassets */; };
		9960B6FB2C470B6600B6F547 /* Preview Assets.xcassets in Resources */ = {isa = PBXBuildFile; fileRef = 9960B6FA2C470B6600B6F547 /* Preview Assets.xcassets */; };
		9960B7052C470B6600B6F547 /* TallyCounterSwiftUITests.swift in Sources */ = {isa = PBXBuildFile; fileRef = 9960B7042C470B6600B6F547 /* TallyCounterSwiftUITests.swift */; };
		9960B70F2C470B6600B6F547 /* TallyCounterSwiftUIUITests.swift in Sources */ = {isa = PBXBuildFile; fileRef = 9960B70E2C470B6600B6F547 /* TallyCounterSwiftUIUITests.swift */; };
		9960B7112C470B6600B6F547 /* TallyCounterSwiftUIUITestsLaunchTests.swift in Sources */ = {isa = PBXBuildFile; fileRef = 9960B7102C470B6600B6F547 /* TallyCounterSwiftUIUITestsLaunchTests.swift */; };
/* End PBXBuildFile section */

/* Begin PBXContainerItemProxy section */
		9960B7012C470B6600B6F547 /* PBXContainerItemProxy */ = {
			isa = PBXContainerItemProxy;
			containerPortal = 9960B6E82C470B6500B6F547 /* Project object */;
			proxyType = 1;
			remoteGlobalIDString = 9960B6EF2C470B6500B6F547;
			remoteInfo = TallyCounterSwiftUI;
		};
		9960B70B2C470B6600B6F547 /* PBXContainerItemProxy */ = {
			isa = PBXContainerItemProxy;
			containerPortal = 9960B6E82C470B6500B6F547 /* Project object */;
			proxyType = 1;
			remoteGlobalIDString = 9960B6EF2C470B6500B6F547;
			remoteInfo = TallyCounterSwiftUI;
		};
/* End PBXContainerItemProxy section */

/* Begin PBXFileReference section */
		9960B6F02C470B6500B6F547 /* TallyCounterSwiftUI.app */ = {isa = PBXFileReference; explicitFileType = wrapper.application; includeInIndex = 0; path = TallyCounterSwiftUI.app; sourceTree = BUILT_PRODUCTS_DIR; };
		9960B6F32C470B6500B6F547 /* TallyCounterSwiftUIApp.swift */ = {isa = PBXFileReference; lastKnownFileType = sourcecode.swift; path = TallyCounterSwiftUIApp.swift; sourceTree = "<group>"; };
		9960B6F52C470B6500B6F547 /* ContentView.swift */ = {isa = PBXFileReference; lastKnownFileType = sourcecode.swift; path = ContentView.swift; sourceTree = "<group>"; };
		9960B6F72C470B6600B6F547 /* Assets.xcassets */ = {isa = PBXFileReference; lastKnownFileType = folder.assetcatalog; path = Assets.xcassets; sourceTree = "<group>"; };
		9960B6FA2C470B6600B6F547 /* Preview Assets.xcassets */ = {isa = PBXFileReference; lastKnownFileType = folder.assetcatalog; path = "Preview Assets.xcassets"; sourceTree = "<group>"; };
		9960B7002C470B6600B6F547 /* TallyCounterSwiftUITests.xctest */ = {isa = PBXFileReference; explicitFileType = wrapper.cfbundle; includeInIndex = 0; path = TallyCounterSwiftUITests.xctest; sourceTree = BUILT_PRODUCTS_DIR; };
		9960B7042C470B6600B6F547 /* TallyCounterSwiftUITests.swift */ = {isa = PBXFileReference; lastKnownFileType = sourcecode.swift; path = TallyCounterSwiftUITests.swift; sourceTree = "<group>"; };
		9960B70A2C470B6600B6F547 /* TallyCounterSwiftUIUITests.xctest */ = {isa = PBXFileReference; explicitFileType = wrapper.cfbundle; includeInIndex = 0; path = TallyCounterSwiftUIUITests.xctest; sourceTree = BUILT_PRODUCTS_DIR; };
		9960B70E2C470B6600B6F547 /* TallyCounterSwiftUIUITests.swift */ = {isa = PBXFileReference; lastKnownFileType = sourcecode.swift; path = TallyCounterSwiftUIUITests.swift; sourceTree = "<group>"; };
		9960B7102C470B6600B6F547 /* TallyCounterSwiftUIUITestsLaunchTests.swift */ = {isa = PBXFileReference; lastKnownFileType = sourcecode.swift; path = TallyCounterSwiftUIUITestsLaunchTests.swift; sourceTree = "<group>"; };
/* End PBXFileReference section */

/* Begin PBXFrameworksBuildPhase section */
		9960B6ED2C470B6500B6F547 /* Frameworks */ = {
			isa = PBXFrameworksBuildPhase;
			buildActionMask = 2147483647;
			files = (
			);
			runOnlyForDeploymentPostprocessing = 0;
		};
		9960B6FD2C470B6600B6F547 /* Frameworks */ = {
			isa = PBXFrameworksBuildPhase;
			buildActionMask = 2147483647;
			files = (
			);
			runOnlyForDeploymentPostprocessing = 0;
		};
		9960B7072C470B6600B6F547 /* Frameworks */ = {
			isa = PBXFrameworksBuildPhase;
			buildActionMask = 2147483647;
			files = (
			);
			runOnlyForDeploymentPostprocessing = 0;
		};
/* End PBXFrameworksBuildPhase section */

/* Begin PBXGroup section */
		9960B6E72C470B6500B6F547 = {
			isa = PBXGroup;
			children = (
				9960B6F22C470B6500B6F547 /* TallyCounterSwiftUI */,
				9960B7032C470B6600B6F547 /* TallyCounterSwiftUITests */,
				9960B70D2C470B6600B6F547 /* TallyCounterSwiftUIUITests */,
				9960B6F12C470B6500B6F547 /* Products */,
			);
			sourceTree = "<group>";
		};
		9960B6F12C470B6500B6F547 /* Products */ = {
			isa = PBXGroup;
			children = (
				9960B6F02C470B6500B6F547 /* TallyCounterSwiftUI.app */,
				9960B7002C470B6600B6F547 /* TallyCounterSwiftUITests.xctest */,
				9960B70A2C470B6600B6F547 /* TallyCounterSwiftUIUITests.xctest */,
			);
			name = Products;
			sourceTree = "<group>";
		};
		9960B6F22C470B6500B6F547 /* TallyCounterSwiftUI */ = {
			isa = PBXGroup;
			children = (
				9960B6F32C470B6500B6F547 /* TallyCounterSwiftUIApp.swift */,
				9960B6F52C470B6500B6F547 /* ContentView.swift */,
				9960B6F72C470B6600B6F547 /* Assets.xcassets */,
				9960B6F92C470B6600B6F547 /* Preview Content */,
			);
			path = TallyCounterSwiftUI;
			sourceTree = "<group>";
		};
		9960B6F92C470B6600B6F547 /* Preview Content */ = {
			isa = PBXGroup;
			children = (
				9960B6FA2C470B6600B6F547 /* Preview Assets.xcassets */,
			);
			path = "Preview Content";
			sourceTree = "<group>";
		};
		9960B7032C470B6600B6F547 /* TallyCounterSwiftUITests */ = {
			isa = PBXGroup;
			children = (
				9960B7042C470B6600B6F547 /* TallyCounterSwiftUITests.swift */,
			);
			path = TallyCounterSwiftUITests;
			sourceTree = "<group>";
		};
		9960B70D2C470B6600B6F547 /* TallyCounterSwiftUIUITests */ = {
			isa = PBXGroup;
			children = (
				9960B70E2C470B6600B6F547 /* TallyCounterSwiftUIUITests.swift */,
				9960B7102C470B6600B6F547 /* TallyCounterSwiftUIUITestsLaunchTests.swift */,
			);
			path = TallyCounterSwiftUIUITests;
			sourceTree = "<group>";
		};
/* End PBXGroup section */

/* Begin PBXNativeTarget section */
		9960B6EF2C470B6500B6F547 /* TallyCounterSwiftUI */ = {
			isa = PBXNativeTarget;
			buildConfigurationList = 9960B7142C470B6600B6F547 /* Build configuration list for PBXNativeTarget "TallyCounterSwiftUI" */;
			buildPhases = (
				9960B6EC2C470B6500B6F547 /* Sources */,
				9960B6ED2C470B6500B6F547 /* Frameworks */,
				9960B6EE2C470B6500B6F547 /* Resources */,
			);
			buildRules = (
			);
			dependencies = (
			);
			name = TallyCounterSwiftUI;
			productName = TallyCounterSwiftUI;
			productReference = 9960B6F02C470B6500B6F547 /* TallyCounterSwiftUI.app */;
			productType = "com.apple.product-type.application";
		};
		9960B6FF2C470B6600B6F547 /* TallyCounterSwiftUITests */ = {
			isa = PBXNativeTarget;
			buildConfigurationList = 9960B7172C470B6600B6F547 /* Build configuration list for PBXNativeTarget "TallyCounterSwiftUITests" */;
			buildPhases = (
				9960B6FC2C470B6600B6F547 /* Sources */,
				9960B6FD2C470B6600B6F547 /* Frameworks */,
				9960B6FE2C470B6600B6F547 /* Resources */,
			);
			buildRules = (
			);
			dependencies = (
				9960B7022C470B6600B6F547 /* PBXTargetDependency */,
			);
			name = TallyCounterSwiftUITests;
			productName = TallyCounterSwiftUITests;
			productReference = 9960B7002C470B6600B6F547 /* TallyCounterSwiftUITests.xctest */;
			productType = "com.apple.product-type.bundle.unit-test";
		};
		9960B7092C470B6600B6F547 /* TallyCounterSwiftUIUITests */ = {
			isa = PBXNativeTarget;
			buildConfigurationList = 9960B71A2C470B6600B6F547 /* Build configuration list for PBXNativeTarget "TallyCounterSwiftUIUITests" */;
			buildPhases = (
				9960B7062C470B6600B6F547 /* Sources */,
				9960B7072C470B6600B6F547 /* Frameworks */,
				9960B7082C470B6600B6F547 /* Resources */,
			);
			buildRules = (
			);
			dependencies = (
				9960B70C2C470B6600B6F547 /* PBXTargetDependency */,
			);
			name = TallyCounterSwiftUIUITests;
			productName = TallyCounterSwiftUIUITests;
			productReference = 9960B70A2C470B6600B6F547 /* TallyCounterSwiftUIUITests.xctest */;
			productType = "com.apple.product-type.bundle.ui-testing";
		};
/* End PBXNativeTarget section */

/* Begin PBXProject section */
		9960B6E82C470B6500B6F547 /* Project object */ = {
			isa = PBXProject;
			attributes = {
				BuildIndependentTargetsInParallel = 1;
				LastSwiftUpdateCheck = 1540;
				LastUpgradeCheck = 1540;
				TargetAttributes = {
					9960B6EF2C470B6500B6F547 = {
						CreatedOnToolsVersion = 15.4;
					};
					9960B6FF2C470B6600B6F547 = {
						CreatedOnToolsVersion = 15.4;
						TestTargetID = 9960B6EF2C470B6500B6F547;
					};
					9960B7092C470B6600B6F547 = {
						CreatedOnToolsVersion = 15.4;
						TestTargetID = 9960B6EF2C470B6500B6F547;
					};
				};
			};
			buildConfigurationList = 9960B6EB2C470B6500B6F547 /* Build configuration list for PBXProject "TallyCounterSwiftUI" */;
			compatibilityVersion = "Xcode 14.0";
			developmentRegion = en;
			hasScannedForEncodings = 0;
			knownRegions = (
				en,
				Base,
			);
			mainGroup = 9960B6E72C470B6500B6F547;
			productRefGroup = 9960B6F12C470B6500B6F547 /* Products */;
			projectDirPath = "";
			projectRoot = "";
			targets = (
				9960B6EF2C470B6500B6F547 /* TallyCounterSwiftUI */,
				9960B6FF2C470B6600B6F547 /* TallyCounterSwiftUITests */,
				9960B7092C470B6600B6F547 /* TallyCounterSwiftUIUITests */,
			);
		};
/* End PBXProject section */

/* Begin PBXResourcesBuildPhase section */
		9960B6EE2C470B6500B6F547 /* Resources */ = {
			isa = PBXResourcesBuildPhase;
			buildActionMask = 2147483647;
			files = (
				9960B6FB2C470B6600B6F547 /* Preview Assets.xcassets in Resources */,
				9960B6F82C470B6600B6F547 /* Assets.xcassets in Resources */,
			);
			runOnlyForDeploymentPostprocessing = 0;
		};
		9960B6FE2C470B6600B6F547 /* Resources */ = {
			isa = PBXResourcesBuildPhase;
			buildActionMask = 2147483647;
			files = (
			);
			runOnlyForDeploymentPostprocessing = 0;
		};
		9960B7082C470B6600B6F547 /* Resources */ = {
			isa = PBXResourcesBuildPhase;
			buildActionMask = 2147483647;
			files = (
			);
			runOnlyForDeploymentPostprocessing = 0;
		};
/* End PBXResourcesBuildPhase section */

/* Begin PBXSourcesBuildPhase section */
		9960B6EC2C470B6500B6F547 /* Sources */ = {
			isa = PBXSourcesBuildPhase;
			buildActionMask = 2147483647;
			files = (
				9960B6F62C470B6500B6F547 /* ContentView.swift in Sources */,
				9960B6F42C470B6500B6F547 /* TallyCounterSwiftUIApp.swift in Sources */,
			);
			runOnlyForDeploymentPostprocessing = 0;
		};
		9960B6FC2C470B6600B6F547 /* Sources */ = {
			isa = PBXSourcesBuildPhase;
			buildActionMask = 2147483647;
			files = (
				9960B7052C470B6600B6F547 /* TallyCounterSwiftUITests.swift in Sources */,
			);
			runOnlyForDeploymentPostprocessing = 0;
		};
		9960B7062C470B6600B6F547 /* Sources */ = {
			isa = PBXSourcesBuildPhase;
			buildActionMask = 2147483647;
			files = (
				9960B7112C470B6600B6F547 /* TallyCounterSwiftUIUITestsLaunchTests.swift in Sources */,
				9960B70F2C470B6600B6F547 /* TallyCounterSwiftUIUITests.swift in Sources */,
			);
			runOnlyForDeploymentPostprocessing = 0;
		};
/* End PBXSourcesBuildPhase section */

/* Begin PBXTargetDependency section */
		9960B7022C470B6600B6F547 /* PBXTargetDependency */ = {
			isa = PBXTargetDependency;
			target = 9960B6EF2C470B6500B6F547 /* TallyCounterSwiftUI */;
			targetProxy = 9960B7012C470B6600B6F547 /* PBXContainerItemProxy */;
		};
		9960B70C2C470B6600B6F547 /* PBXTargetDependency */ = {
			isa = PBXTargetDependency;
			target = 9960B6EF2C470B6500B6F547 /* TallyCounterSwiftUI */;
			targetProxy = 9960B70B2C470B6600B6F547 /* PBXContainerItemProxy */;
		};
/* End PBXTargetDependency section */

/* Begin XCBuildConfiguration section */
		9960B7122C470B6600B6F547 /* Debug */ = {
			isa = XCBuildConfiguration;
			buildSettings = {
				ALWAYS_SEARCH_USER_PATHS = NO;
				ASSETCATALOG_COMPILER_GENERATE_SWIFT_ASSET_SYMBOL_EXTENSIONS = YES;
				CLANG_ANALYZER_NONNULL = YES;
				CLANG_ANALYZER_NUMBER_OBJECT_CONVERSION = YES_AGGRESSIVE;
				CLANG_CXX_LANGUAGE_STANDARD = "gnu++20";
				CLANG_ENABLE_MODULES = YES;
				CLANG_ENABLE_OBJC_ARC = YES;
				CLANG_ENABLE_OBJC_WEAK = YES;
				CLANG_WARN_BLOCK_CAPTURE_AUTORELEASING = YES;
				CLANG_WARN_BOOL_CONVERSION = YES;
				CLANG_WARN_COMMA = YES;
				CLANG_WARN_CONSTANT_CONVERSION = YES;
				CLANG_WARN_DEPRECATED_OBJC_IMPLEMENTATIONS = YES;
				CLANG_WARN_DIRECT_OBJC_ISA_USAGE = YES_ERROR;
				CLANG_WARN_DOCUMENTATION_COMMENTS = YES;
				CLANG_WARN_EMPTY_BODY = YES;
				CLANG_WARN_ENUM_CONVERSION = YES;
				CLANG_WARN_INFINITE_RECURSION = YES;
				CLANG_WARN_INT_CONVERSION = YES;
				CLANG_WARN_NON_LITERAL_NULL_CONVERSION = YES;
				CLANG_WARN_OBJC_IMPLICIT_RETAIN_SELF = YES;
				CLANG_WARN_OBJC_LITERAL_CONVERSION = YES;
				CLANG_WARN_OBJC_ROOT_CLASS = YES_ERROR;
				CLANG_WARN_QUOTED_INCLUDE_IN_FRAMEWORK_HEADER = YES;
				CLANG_WARN_RANGE_LOOP_ANALYSIS = YES;
				CLANG_WARN_STRICT_PROTOTYPES = YES;
				CLANG_WARN_SUSPICIOUS_MOVE = YES;
				CLANG_WARN_UNGUARDED_AVAILABILITY = YES_AGGRESSIVE;
				CLANG_WARN_UNREACHABLE_CODE = YES;
				CLANG_WARN__DUPLICATE_METHOD_MATCH = YES;
				COPY_PHASE_STRIP = NO;
				DEBUG_INFORMATION_FORMAT = dwarf;
				ENABLE_STRICT_OBJC_MSGSEND = YES;
				ENABLE_TESTABILITY = YES;
				ENABLE_USER_SCRIPT_SANDBOXING = YES;
				GCC_C_LANGUAGE_STANDARD = gnu17;
				GCC_DYNAMIC_NO_PIC = NO;
				GCC_NO_COMMON_BLOCKS = YES;
				GCC_OPTIMIZATION_LEVEL = 0;
				GCC_PREPROCESSOR_DEFINITIONS = (
					"DEBUG=1",
					"$(inherited)",
				);
				GCC_WARN_64_TO_32_BIT_CONVERSION = YES;
				GCC_WARN_ABOUT_RETURN_TYPE = YES_ERROR;
				GCC_WARN_UNDECLARED_SELECTOR = YES;
				GCC_WARN_UNINITIALIZED_AUTOS = YES_AGGRESSIVE;
				GCC_WARN_UNUSED_FUNCTION = YES;
				GCC_WARN_UNUSED_VARIABLE = YES;
				IPHONEOS_DEPLOYMENT_TARGET = 17.5;
				LOCALIZATION_PREFERS_STRING_CATALOGS = YES;
				MTL_ENABLE_DEBUG_INFO = INCLUDE_SOURCE;
				MTL_FAST_MATH = YES;
				ONLY_ACTIVE_ARCH = YES;
				SDKROOT = iphoneos;
				SWIFT_ACTIVE_COMPILATION_CONDITIONS = "DEBUG $(inherited)";
				SWIFT_OPTIMIZATION_LEVEL = "-Onone";
			};
			name = Debug;
		};
		9960B7132C470B6600B6F547 /* Release */ = {
			isa = XCBuildConfiguration;
			buildSettings = {
				ALWAYS_SEARCH_USER_PATHS = NO;
				ASSETCATALOG_COMPILER_GENERATE_SWIFT_ASSET_SYMBOL_EXTENSIONS = YES;
				CLANG_ANALYZER_NONNULL = YES;
				CLANG_ANALYZER_NUMBER_OBJECT_CONVERSION = YES_AGGRESSIVE;
				CLANG_CXX_LANGUAGE_STANDARD = "gnu++20";
				CLANG_ENABLE_MODULES = YES;
				CLANG_ENABLE_OBJC_ARC = YES;
				CLANG_ENABLE_OBJC_WEAK = YES;
				CLANG_WARN_BLOCK_CAPTURE_AUTORELEASING = YES;
				CLANG_WARN_BOOL_CONVERSION = YES;
				CLANG_WARN_COMMA = YES;
				CLANG_WARN_CONSTANT_CONVERSION = YES;
				CLANG_WARN_DEPRECATED_OBJC_IMPLEMENTATIONS = YES;
				CLANG_WARN_DIRECT_OBJC_ISA_USAGE = YES_ERROR;
				CLANG_WARN_DOCUMENTATION_COMMENTS = YES;
				CLANG_WARN_EMPTY_BODY = YES;
				CLANG_WARN_ENUM_CONVERSION = YES;
				CLANG_WARN_INFINITE_RECURSION = YES;
				CLANG_WARN_INT_CONVERSION = YES;
				CLANG_WARN_NON_LITERAL_NULL_CONVERSION = YES;
				CLANG_WARN_OBJC_IMPLICIT_RETAIN_SELF = YES;
				CLANG_WARN_OBJC_LITERAL_CONVERSION = YES;
				CLANG_WARN_OBJC_ROOT_CLASS = YES_ERROR;
				CLANG_WARN_QUOTED_INCLUDE_IN_FRAMEWORK_HEADER = YES;
				CLANG_WARN_RANGE_LOOP_ANALYSIS = YES;
				CLANG_WARN_STRICT_PROTOTYPES = YES;
				CLANG_WARN_SUSPICIOUS_MOVE = YES;
				CLANG_WARN_UNGUARDED_AVAILABILITY = YES_AGGRESSIVE;
				CLANG_WARN_UNREACHABLE_CODE = YES;
				CLANG_WARN__DUPLICATE_METHOD_MATCH = YES;
				COPY_PHASE_STRIP = NO;
				DEBUG_INFORMATION_FORMAT = "dwarf-with-dsym";
				ENABLE_NS_ASSERTIONS = NO;
				ENABLE_STRICT_OBJC_MSGSEND = YES;
				ENABLE_USER_SCRIPT_SANDBOXING = YES;
				GCC_C_LANGUAGE_STANDARD = gnu17;
				GCC_NO_COMMON_BLOCKS = YES;
				GCC_WARN_64_TO_32_BIT_CONVERSION = YES;
				GCC_WARN_ABOUT_RETURN_TYPE = YES_ERROR;
				GCC_WARN_UNDECLARED_SELECTOR = YES;
				GCC_WARN_UNINITIALIZED_AUTOS = YES_AGGRESSIVE;
				GCC_WARN_UNUSED_FUNCTION = YES;
				GCC_WARN_UNUSED_VARIABLE = YES;
				IPHONEOS_DEPLOYMENT_TARGET = 17.5;
				LOCALIZATION_PREFERS_STRING_CATALOGS = YES;
				MTL_ENABLE_DEBUG_INFO = NO;
				MTL_FAST_MATH = YES;
				SDKROOT = iphoneos;
				SWIFT_COMPILATION_MODE = wholemodule;
				VALIDATE_PRODUCT = YES;
			};
			name = Release;
		};
		9960B7152C470B6600B6F547 /* Debug */ = {
			isa = XCBuildConfiguration;
			buildSettings = {
				ASSETCATALOG_COMPILER_APPICON_NAME = AppIcon;
				ASSETCATALOG_COMPILER_GLOBAL_ACCENT_COLOR_NAME = AccentColor;
				CODE_SIGN_STYLE = Automatic;
				CURRENT_PROJECT_VERSION = 1;
				DEVELOPMENT_ASSET_PATHS = "\"TallyCounterSwiftUI/Preview Content\"";
				ENABLE_PREVIEWS = YES;
				GENERATE_INFOPLIST_FILE = YES;
				INFOPLIST_KEY_UIApplicationSceneManifest_Generation = YES;
				INFOPLIST_KEY_UIApplicationSupportsIndirectInputEvents = YES;
				INFOPLIST_KEY_UILaunchScreen_Generation = YES;
				INFOPLIST_KEY_UISupportedInterfaceOrientations_iPad = "UIInterfaceOrientationPortrait UIInterfaceOrientationPortraitUpsideDown UIInterfaceOrientationLandscapeLeft UIInterfaceOrientationLandscapeRight";
				INFOPLIST_KEY_UISupportedInterfaceOrientations_iPhone = "UIInterfaceOrientationPortrait UIInterfaceOrientationLandscapeLeft UIInterfaceOrientationLandscapeRight";
				LD_RUNPATH_SEARCH_PATHS = (
					"$(inherited)",
					"@executable_path/Frameworks",
				);
				MARKETING_VERSION = 1.0;
				PRODUCT_BUNDLE_IDENTIFIER = com.LouTest.TallyCounterSwiftUI;
				PRODUCT_NAME = "$(TARGET_NAME)";
				SWIFT_EMIT_LOC_STRINGS = YES;
				SWIFT_VERSION = 5.0;
				TARGETED_DEVICE_FAMILY = "1,2";
			};
			name = Debug;
		};
		9960B7162C470B6600B6F547 /* Release */ = {
			isa = XCBuildConfiguration;
			buildSettings = {
				ASSETCATALOG_COMPILER_APPICON_NAME = AppIcon;
				ASSETCATALOG_COMPILER_GLOBAL_ACCENT_COLOR_NAME = AccentColor;
				CODE_SIGN_STYLE = Automatic;
				CURRENT_PROJECT_VERSION = 1;
				DEVELOPMENT_ASSET_PATHS = "\"TallyCounterSwiftUI/Preview Content\"";
				ENABLE_PREVIEWS = YES;
				GENERATE_INFOPLIST_FILE = YES;
				INFOPLIST_KEY_UIApplicationSceneManifest_Generation = YES;
				INFOPLIST_KEY_UIApplicationSupportsIndirectInputEvents = YES;
				INFOPLIST_KEY_UILaunchScreen_Generation = YES;
				INFOPLIST_KEY_UISupportedInterfaceOrientations_iPad = "UIInterfaceOrientationPortrait UIInterfaceOrientationPortraitUpsideDown UIInterfaceOrientationLandscapeLeft UIInterfaceOrientationLandscapeRight";
				INFOPLIST_KEY_UISupportedInterfaceOrientations_iPhone = "UIInterfaceOrientationPortrait UIInterfaceOrientationLandscapeLeft UIInterfaceOrientationLandscapeRight";
				LD_RUNPATH_SEARCH_PATHS = (
					"$(inherited)",
					"@executable_path/Frameworks",
				);
				MARKETING_VERSION = 1.0;
				PRODUCT_BUNDLE_IDENTIFIER = com.LouTest.TallyCounterSwiftUI;
				PRODUCT_NAME = "$(TARGET_NAME)";
				SWIFT_EMIT_LOC_STRINGS = YES;
				SWIFT_VERSION = 5.0;
				TARGETED_DEVICE_FAMILY = "1,2";
			};
			name = Release;
		};
		9960B7182C470B6600B6F547 /* Debug */ = {
			isa = XCBuildConfiguration;
			buildSettings = {
				ALWAYS_EMBED_SWIFT_STANDARD_LIBRARIES = YES;
				BUNDLE_LOADER = "$(TEST_HOST)";
				CODE_SIGN_STYLE = Automatic;
				CURRENT_PROJECT_VERSION = 1;
				GENERATE_INFOPLIST_FILE = YES;
				IPHONEOS_DEPLOYMENT_TARGET = 17.5;
				MARKETING_VERSION = 1.0;
				PRODUCT_BUNDLE_IDENTIFIER = com.LouTest.TallyCounterSwiftUITests;
				PRODUCT_NAME = "$(TARGET_NAME)";
				SWIFT_EMIT_LOC_STRINGS = NO;
				SWIFT_VERSION = 5.0;
				TARGETED_DEVICE_FAMILY = "1,2";
				TEST_HOST = "$(BUILT_PRODUCTS_DIR)/TallyCounterSwiftUI.app/$(BUNDLE_EXECUTABLE_FOLDER_PATH)/TallyCounterSwiftUI";
			};
			name = Debug;
		};
		9960B7192C470B6600B6F547 /* Release */ = {
			isa = XCBuildConfiguration;
			buildSettings = {
				ALWAYS_EMBED_SWIFT_STANDARD_LIBRARIES = YES;
				BUNDLE_LOADER = "$(TEST_HOST)";
				CODE_SIGN_STYLE = Automatic;
				CURRENT_PROJECT_VERSION = 1;
				GENERATE_INFOPLIST_FILE = YES;
				IPHONEOS_DEPLOYMENT_TARGET = 17.5;
				MARKETING_VERSION = 1.0;
				PRODUCT_BUNDLE_IDENTIFIER = com.LouTest.TallyCounterSwiftUITests;
				PRODUCT_NAME = "$(TARGET_NAME)";
				SWIFT_EMIT_LOC_STRINGS = NO;
				SWIFT_VERSION = 5.0;
				TARGETED_DEVICE_FAMILY = "1,2";
				TEST_HOST = "$(BUILT_PRODUCTS_DIR)/TallyCounterSwiftUI.app/$(BUNDLE_EXECUTABLE_FOLDER_PATH)/TallyCounterSwiftUI";
			};
			name = Release;
		};
		9960B71B2C470B6600B6F547 /* Debug */ = {
			isa = XCBuildConfiguration;
			buildSettings = {
				ALWAYS_EMBED_SWIFT_STANDARD_LIBRARIES = YES;
				CODE_SIGN_STYLE = Automatic;
				CURRENT_PROJECT_VERSION = 1;
				GENERATE_INFOPLIST_FILE = YES;
				MARKETING_VERSION = 1.0;
				PRODUCT_BUNDLE_IDENTIFIER = com.LouTest.TallyCounterSwiftUIUITests;
				PRODUCT_NAME = "$(TARGET_NAME)";
				SWIFT_EMIT_LOC_STRINGS = NO;
				SWIFT_VERSION = 5.0;
				TARGETED_DEVICE_FAMILY = "1,2";
				TEST_TARGET_NAME = TallyCounterSwiftUI;
			};
			name = Debug;
		};
		9960B71C2C470B6600B6F547 /* Release */ = {
			isa = XCBuildConfiguration;
			buildSettings = {
				ALWAYS_EMBED_SWIFT_STANDARD_LIBRARIES = YES;
				CODE_SIGN_STYLE = Automatic;
				CURRENT_PROJECT_VERSION = 1;
				GENERATE_INFOPLIST_FILE = YES;
				MARKETING_VERSION = 1.0;
				PRODUCT_BUNDLE_IDENTIFIER = com.LouTest.TallyCounterSwiftUIUITests;
				PRODUCT_NAME = "$(TARGET_NAME)";
				SWIFT_EMIT_LOC_STRINGS = NO;
				SWIFT_VERSION = 5.0;
				TARGETED_DEVICE_FAMILY = "1,2";
				TEST_TARGET_NAME = TallyCounterSwiftUI;
			};
			name = Release;
		};
/* End XCBuildConfiguration section */

/* Begin XCConfigurationList section */
		9960B6EB2C470B6500B6F547 /* Build configuration list for PBXProject "TallyCounterSwiftUI" */ = {
			isa = XCConfigurationList;
			buildConfigurations = (
				9960B7122C470B6600B6F547 /* Debug */,
				9960B7132C470B6600B6F547 /* Release */,
			);
			defaultConfigurationIsVisible = 0;
			defaultConfigurationName = Release;
		};
		9960B7142C470B6600B6F547 /* Build configuration list for PBXNativeTarget "TallyCounterSwiftUI" */ = {
			isa = XCConfigurationList;
			buildConfigurations = (
				9960B7152C470B6600B6F547 /* Debug */,
				9960B7162C470B6600B6F547 /* Release */,
			);
			defaultConfigurationIsVisible = 0;
			defaultConfigurationName = Release;
		};
		9960B7172C470B6600B6F547 /* Build configuration list for PBXNativeTarget "TallyCounterSwiftUITests" */ = {
			isa = XCConfigurationList;
			buildConfigurations = (
				9960B7182C470B6600B6F547 /* Debug */,
				9960B7192C470B6600B6F547 /* Release */,
			);
			defaultConfigurationIsVisible = 0;
			defaultConfigurationName = Release;
		};
		9960B71A2C470B6600B6F547 /* Build configuration list for PBXNativeTarget "TallyCounterSwiftUIUITests" */ = {
			isa = XCConfigurationList;
			buildConfigurations = (
				9960B71B2C470B6600B6F547 /* Debug */,
				9960B71C2C470B6600B6F547 /* Release */,
			);
			defaultConfigurationIsVisible = 0;
			defaultConfigurationName = Release;
		};
/* End XCConfigurationList section */
	};
	rootObject = 9960B6E82C470B6500B6F547 /* Project object */;
}
